
Microsoft Visual Studio Solution File, Format Version 12.00
# Visual Studio Version 17
VisualStudioVersion = 17.5.002.0
MinimumVisualStudioVersion = 10.0.40219.1
Project("{9A19103F-16F7-4668-BE54-9A1E7A4F7556}") = "minecraft-inventory", "minecraft-inventory.csproj", "{9E6E0725-F277-468E-A250-38319B2DF88A}"
EndProject
Global
	GlobalSection(SolutionConfigurationPlatforms) = preSolution
		Debug|Any CPU = Debug|Any CPU
		Release|Any CPU = Release|Any CPU
	EndGlobalSection
	GlobalSection(ProjectConfigurationPlatforms) = postSolution
		{9E6E0725-F277-468E-A250-38319B2DF88A}.Debug|Any CPU.ActiveCfg = Debug|Any CPU
		{9E6E0725-F277-468E-A250-38319B2DF88A}.Debug|Any CPU.Build.0 = Debug|Any CPU
		{9E6E0725-F277-468E-A250-38319B2DF88A}.Release|Any CPU.ActiveCfg = Release|Any CPU
		{9E6E0725-F277-468E-A250-38319B2DF88A}.Release|Any CPU.Build.0 = Release|Any CPU
	EndGlobalSection
	GlobalSection(SolutionProperties) = preSolution
		HideSolutionNode = FALSE
	EndGlobalSection
	GlobalSection(ExtensibilityGlobals) = postSolution
		SolutionGuid = {BB479ED1-3AF3-4B1D-95C3-E2A7A440082F}
	EndGlobalSection
EndGlobal
